// !$*UTF8*$!
{
	archiveVersion = 1;
	classes = {
	};
	objectVersion = 46;
	objects = {

/* Begin PBXBuildFile section */
		06003C111CC12CB5000D5C92 /* ic_folder_open_black_18dp.png in Resources */ = {isa = PBXBuildFile; fileRef = 06003C101CC12CB5000D5C92 /* ic_folder_open_black_18dp.png */; };
		060352381CC099430021AB81 /* ic_computer_18pt.png in Resources */ = {isa = PBXBuildFile; fileRef = 060352361CC099430021AB81 /* ic_computer_18pt.png */; };
		060352391CC099430021AB81 /* ic_computer_black_24dp.png in Resources */ = {isa = PBXBuildFile; fileRef = 060352371CC099430021AB81 /* ic_computer_black_24dp.png */; };
		0603523B1CC0B19E0021AB81 /* ic_insert_chart_black_24dp.png in Resources */ = {isa = PBXBuildFile; fileRef = 0603523A1CC0B19E0021AB81 /* ic_insert_chart_black_24dp.png */; };
		061AB5DE1CB2253600EDCB4C /* AppKit.framework in Frameworks */ = {isa = PBXBuildFile; fileRef = 061AB5DD1CB2253600EDCB4C /* AppKit.framework */; };
		061AB5E01CB2253600EDCB4C /* Foundation.framework in Frameworks */ = {isa = PBXBuildFile; fileRef = 061AB5DF1CB2253600EDCB4C /* Foundation.framework */; };
		061AB5E41CB2253600EDCB4C /* SQLPlugin.xcscheme in Resources */ = {isa = PBXBuildFile; fileRef = 061AB5E31CB2253600EDCB4C /* SQLPlugin.xcscheme */; };
		061AB5E71CB2253600EDCB4C /* SQLPlugin.m in Sources */ = {isa = PBXBuildFile; fileRef = 061AB5E61CB2253600EDCB4C /* SQLPlugin.m */; };
		061AB5EA1CB2253600EDCB4C /* NSObject_Extension.m in Sources */ = {isa = PBXBuildFile; fileRef = 061AB5E91CB2253600EDCB4C /* NSObject_Extension.m */; };
		0625C3181CBC8D5C007C990F /* FMDatabase.m in Sources */ = {isa = PBXBuildFile; fileRef = 0625C2FA1CBC8D5C007C990F /* FMDatabase.m */; };
		0625C3191CBC8D5C007C990F /* FMDatabaseAdditions.m in Sources */ = {isa = PBXBuildFile; fileRef = 0625C2FC1CBC8D5C007C990F /* FMDatabaseAdditions.m */; };
		0625C31A1CBC8D5C007C990F /* FMDatabasePool.m in Sources */ = {isa = PBXBuildFile; fileRef = 0625C2FE1CBC8D5C007C990F /* FMDatabasePool.m */; };
		0625C31B1CBC8D5C007C990F /* FMDatabaseQueue.m in Sources */ = {isa = PBXBuildFile; fileRef = 0625C3001CBC8D5C007C990F /* FMDatabaseQueue.m */; };
		0625C31C1CBC8D5C007C990F /* FMResultSet.m in Sources */ = {isa = PBXBuildFile; fileRef = 0625C3031CBC8D5C007C990F /* FMResultSet.m */; };
		0625C31D1CBC8D5C007C990F /* Info.plist in Resources */ = {isa = PBXBuildFile; fileRef = 0625C3041CBC8D5C007C990F /* Info.plist */; };
		0625C31F1CBC8D5C007C990F /* ic_add_black_24dp.png in Resources */ = {isa = PBXBuildFile; fileRef = 0625C30E1CBC8D5C007C990F /* ic_add_black_24dp.png */; };
		0625C3201CBC8D5C007C990F /* ic_delete_forever_black_18dp.png in Resources */ = {isa = PBXBuildFile; fileRef = 0625C30F1CBC8D5C007C990F /* ic_delete_forever_black_18dp.png */; };
		0625C3221CBC8D5C007C990F /* ic_navigate_before_black_24dp.png in Resources */ = {isa = PBXBuildFile; fileRef = 0625C3111CBC8D5C007C990F /* ic_navigate_before_black_24dp.png */; };
		0625C3231CBC8D5C007C990F /* ic_navigate_next_black_24dp.png in Resources */ = {isa = PBXBuildFile; fileRef = 0625C3121CBC8D5C007C990F /* ic_navigate_next_black_24dp.png */; };
		0625C3251CBC8D5C007C990F /* ic_open_in_new_black_18dp.png in Resources */ = {isa = PBXBuildFile; fileRef = 0625C3141CBC8D5C007C990F /* ic_open_in_new_black_18dp.png */; };
		0625C3261CBC8D5C007C990F /* ic_phone_iphone_black_24dp.png in Resources */ = {isa = PBXBuildFile; fileRef = 0625C3151CBC8D5C007C990F /* ic_phone_iphone_black_24dp.png */; };
		0625C3271CBC8D5C007C990F /* ic_pie_chart_black_24dp.png in Resources */ = {isa = PBXBuildFile; fileRef = 0625C3161CBC8D5C007C990F /* ic_pie_chart_black_24dp.png */; };
		0625C3281CBC8D5C007C990F /* ic_refresh_black_18dp.png in Resources */ = {isa = PBXBuildFile; fileRef = 0625C3171CBC8D5C007C990F /* ic_refresh_black_18dp.png */; };
		063A7D101CBB7939003AA338 /* SQLDatabaseManager.m in Sources */ = {isa = PBXBuildFile; fileRef = 063A7D0F1CBB7939003AA338 /* SQLDatabaseManager.m */; };
		0645749B1CC5258F00883DEF /* SQLPluginTests.m in Sources */ = {isa = PBXBuildFile; fileRef = 0645749A1CC5258F00883DEF /* SQLPluginTests.m */; };
		0658C07E1CC0C768001FEEFE /* SQLCommandManager.m in Sources */ = {isa = PBXBuildFile; fileRef = 0658C07D1CC0C768001FEEFE /* SQLCommandManager.m */; };
		0658C0861CC0CC38001FEEFE /* ic_description_black_24dp.png in Resources */ = {isa = PBXBuildFile; fileRef = 0658C0841CC0CC38001FEEFE /* ic_description_black_24dp.png */; };
		065C02471CC52640009A4BDE /* SQLPluginTestDB.sqlite in Resources */ = {isa = PBXBuildFile; fileRef = 065C02461CC52640009A4BDE /* SQLPluginTestDB.sqlite */; };
		065C02481CC52679009A4BDE /* FMDatabase.m in Sources */ = {isa = PBXBuildFile; fileRef = 0625C2FA1CBC8D5C007C990F /* FMDatabase.m */; };
		065C02491CC52679009A4BDE /* FMDatabaseAdditions.m in Sources */ = {isa = PBXBuildFile; fileRef = 0625C2FC1CBC8D5C007C990F /* FMDatabaseAdditions.m */; };
		065C024A1CC52679009A4BDE /* FMDatabasePool.m in Sources */ = {isa = PBXBuildFile; fileRef = 0625C2FE1CBC8D5C007C990F /* FMDatabasePool.m */; };
		065C024B1CC52679009A4BDE /* FMDatabaseQueue.m in Sources */ = {isa = PBXBuildFile; fileRef = 0625C3001CBC8D5C007C990F /* FMDatabaseQueue.m */; };
		065C024C1CC52679009A4BDE /* FMResultSet.m in Sources */ = {isa = PBXBuildFile; fileRef = 0625C3031CBC8D5C007C990F /* FMResultSet.m */; };
		065C024D1CC52679009A4BDE /* SQLMainWindowController.m in Sources */ = {isa = PBXBuildFile; fileRef = 06CE27941CC0C3EF00ADC45F /* SQLMainWindowController.m */; };
		065C024E1CC52679009A4BDE /* SQLOperationWindowController.m in Sources */ = {isa = PBXBuildFile; fileRef = 06CE27981CC0C3EF00ADC45F /* SQLOperationWindowController.m */; };
		065C024F1CC52679009A4BDE /* SQLCSVManager.m in Sources */ = {isa = PBXBuildFile; fileRef = 06766A411CC13D0E00F44700 /* SQLCSVManager.m */; };
		065C02501CC52679009A4BDE /* SQLKeybindingManager.m in Sources */ = {isa = PBXBuildFile; fileRef = 06F793DB1CC1243100D5A1C7 /* SQLKeybindingManager.m */; };
		065C02511CC52679009A4BDE /* SQLCommandManager.m in Sources */ = {isa = PBXBuildFile; fileRef = 0658C07D1CC0C768001FEEFE /* SQLCommandManager.m */; };
		065C02521CC52679009A4BDE /* SQLDatabaseManager.m in Sources */ = {isa = PBXBuildFile; fileRef = 063A7D0F1CBB7939003AA338 /* SQLDatabaseManager.m */; };
		065C02531CC52679009A4BDE /* SQLSimulatorManager.m in Sources */ = {isa = PBXBuildFile; fileRef = 06DDD32E1CB34CDB0089DC5C /* SQLSimulatorManager.m */; };
		065C02541CC52679009A4BDE /* SQLStoreSharedManager.m in Sources */ = {isa = PBXBuildFile; fileRef = 06DDD3311CB34CDB0089DC5C /* SQLStoreSharedManager.m */; };
		065C02551CC52679009A4BDE /* SQLWindowsManager.m in Sources */ = {isa = PBXBuildFile; fileRef = 06DDD3341CB34CDB0089DC5C /* SQLWindowsManager.m */; };
		065C02561CC52679009A4BDE /* SQLDatabaseDescription.m in Sources */ = {isa = PBXBuildFile; fileRef = 06B4F8B41CBCA69A0012F727 /* SQLDatabaseDescription.m */; };
		065C02571CC52679009A4BDE /* SQLDatabaseListDescription.m in Sources */ = {isa = PBXBuildFile; fileRef = 06B4F8B71CBCA69A0012F727 /* SQLDatabaseListDescription.m */; };
		065C02581CC52679009A4BDE /* SQLTableDescription.m in Sources */ = {isa = PBXBuildFile; fileRef = 06B4F8BA1CBCA69A0012F727 /* SQLTableDescription.m */; };
		065C02591CC52679009A4BDE /* SQLSimulatorModel.m in Sources */ = {isa = PBXBuildFile; fileRef = 06DDD36C1CB3AFDE0089DC5C /* SQLSimulatorModel.m */; };
		065C025A1CC52679009A4BDE /* SQLTableProperty.m in Sources */ = {isa = PBXBuildFile; fileRef = 06DDD33E1CB34CDB0089DC5C /* SQLTableProperty.m */; };
		065C025B1CC52679009A4BDE /* SQLMainWindow.m in Sources */ = {isa = PBXBuildFile; fileRef = 06B004C81CBBD85A0043E3D8 /* SQLMainWindow.m */; };
		065C025C1CC52679009A4BDE /* SQLDatabaseListView.m in Sources */ = {isa = PBXBuildFile; fileRef = 06A459EA1CB4123500A0A260 /* SQLDatabaseListView.m */; };
		065C025D1CC52679009A4BDE /* SQLTableDetailView.m in Sources */ = {isa = PBXBuildFile; fileRef = 06DDD34B1CB34CDB0089DC5C /* SQLTableDetailView.m */; };
		065C025E1CC52679009A4BDE /* SQLTableListView.m in Sources */ = {isa = PBXBuildFile; fileRef = 06DDD34F1CB34CDB0089DC5C /* SQLTableListView.m */; };
		065C025F1CC52679009A4BDE /* SQLPlugin.m in Sources */ = {isa = PBXBuildFile; fileRef = 061AB5E61CB2253600EDCB4C /* SQLPlugin.m */; };
		065C02601CC52679009A4BDE /* NSObject_Extension.m in Sources */ = {isa = PBXBuildFile; fileRef = 061AB5E91CB2253600EDCB4C /* NSObject_Extension.m */; };
		065C02611CC5268C009A4BDE /* libsqlite3.tbd in Frameworks */ = {isa = PBXBuildFile; fileRef = 06E1CBB61CB237CE00C08E57 /* libsqlite3.tbd */; };
		06766A421CC13D0E00F44700 /* SQLCSVManager.m in Sources */ = {isa = PBXBuildFile; fileRef = 06766A411CC13D0E00F44700 /* SQLCSVManager.m */; };
		06A459EB1CB4123500A0A260 /* SQLDatabaseListView.m in Sources */ = {isa = PBXBuildFile; fileRef = 06A459EA1CB4123500A0A260 /* SQLDatabaseListView.m */; };
		06B004C91CBBD85A0043E3D8 /* SQLMainWindow.m in Sources */ = {isa = PBXBuildFile; fileRef = 06B004C81CBBD85A0043E3D8 /* SQLMainWindow.m */; };
		06B4F8BB1CBCA69A0012F727 /* SQLDatabaseDescription.m in Sources */ = {isa = PBXBuildFile; fileRef = 06B4F8B41CBCA69A0012F727 /* SQLDatabaseDescription.m */; };
		06B4F8BC1CBCA69A0012F727 /* SQLDatabaseListDescription.m in Sources */ = {isa = PBXBuildFile; fileRef = 06B4F8B71CBCA69A0012F727 /* SQLDatabaseListDescription.m */; };
		06B4F8BD1CBCA69A0012F727 /* SQLTableDescription.m in Sources */ = {isa = PBXBuildFile; fileRef = 06B4F8BA1CBCA69A0012F727 /* SQLTableDescription.m */; };
		06B995BE1CC1F7E7009A2DCD /* ic_format_list_bulleted_black_24dp.png in Resources */ = {isa = PBXBuildFile; fileRef = 06B995BD1CC1F7E7009A2DCD /* ic_format_list_bulleted_black_24dp.png */; };
		06B995C01CC1F8B3009A2DCD /* ic_folder_open_black_24dp.png in Resources */ = {isa = PBXBuildFile; fileRef = 06B995BF1CC1F8B3009A2DCD /* ic_folder_open_black_24dp.png */; };
		06B995C21CC1FA04009A2DCD /* ic_description_black_18dp.png in Resources */ = {isa = PBXBuildFile; fileRef = 06B995C11CC1FA04009A2DCD /* ic_description_black_18dp.png */; };
		06B995C41CC204C7009A2DCD /* ic_help_outline_black_24dp.png in Resources */ = {isa = PBXBuildFile; fileRef = 06B995C31CC204C7009A2DCD /* ic_help_outline_black_24dp.png */; };
		06CE27901CC0B52700ADC45F /* ic_insert_chart_black_18dp.png in Resources */ = {isa = PBXBuildFile; fileRef = 06CE278F1CC0B52700ADC45F /* ic_insert_chart_black_18dp.png */; };
		06CE279A1CC0C3EF00ADC45F /* SQLMainWindowController.m in Sources */ = {isa = PBXBuildFile; fileRef = 06CE27941CC0C3EF00ADC45F /* SQLMainWindowController.m */; };
		06CE279B1CC0C3EF00ADC45F /* SQLMainWindowController.xib in Resources */ = {isa = PBXBuildFile; fileRef = 06CE27951CC0C3EF00ADC45F /* SQLMainWindowController.xib */; };
		06CE279C1CC0C3EF00ADC45F /* SQLOperationWindowController.m in Sources */ = {isa = PBXBuildFile; fileRef = 06CE27981CC0C3EF00ADC45F /* SQLOperationWindowController.m */; };
		06CE279D1CC0C3EF00ADC45F /* SQLOperationWindowController.xib in Resources */ = {isa = PBXBuildFile; fileRef = 06CE27991CC0C3EF00ADC45F /* SQLOperationWindowController.xib */; };
		06DDD3581CB34CDB0089DC5C /* SQLSimulatorManager.m in Sources */ = {isa = PBXBuildFile; fileRef = 06DDD32E1CB34CDB0089DC5C /* SQLSimulatorManager.m */; };
		06DDD3591CB34CDB0089DC5C /* SQLStoreSharedManager.m in Sources */ = {isa = PBXBuildFile; fileRef = 06DDD3311CB34CDB0089DC5C /* SQLStoreSharedManager.m */; };
		06DDD35A1CB34CDB0089DC5C /* SQLWindowsManager.m in Sources */ = {isa = PBXBuildFile; fileRef = 06DDD3341CB34CDB0089DC5C /* SQLWindowsManager.m */; };
		06DDD35D1CB34CDB0089DC5C /* SQLTableProperty.m in Sources */ = {isa = PBXBuildFile; fileRef = 06DDD33E1CB34CDB0089DC5C /* SQLTableProperty.m */; };
		06DDD3611CB34CDB0089DC5C /* SQLTableDetailView.m in Sources */ = {isa = PBXBuildFile; fileRef = 06DDD34B1CB34CDB0089DC5C /* SQLTableDetailView.m */; };
		06DDD3621CB34CDB0089DC5C /* SQLTableListView.m in Sources */ = {isa = PBXBuildFile; fileRef = 06DDD34F1CB34CDB0089DC5C /* SQLTableListView.m */; };
		06DDD36D1CB3AFDE0089DC5C /* SQLSimulatorModel.m in Sources */ = {isa = PBXBuildFile; fileRef = 06DDD36C1CB3AFDE0089DC5C /* SQLSimulatorModel.m */; };
		06E1CBB71CB237CE00C08E57 /* libsqlite3.tbd in Frameworks */ = {isa = PBXBuildFile; fileRef = 06E1CBB61CB237CE00C08E57 /* libsqlite3.tbd */; };
		06EB450F1CC0CEE600291DDD /* ic_play_arrow_black_18dp.png in Resources */ = {isa = PBXBuildFile; fileRef = 06EB450E1CC0CEE600291DDD /* ic_play_arrow_black_18dp.png */; };
		06EB45111CC0CF9100291DDD /* ic_remove_circle_outline_18pt.png in Resources */ = {isa = PBXBuildFile; fileRef = 06EB45101CC0CF9100291DDD /* ic_remove_circle_outline_18pt.png */; };
		06EB45131CC0CFE900291DDD /* ic_history_18pt.png in Resources */ = {isa = PBXBuildFile; fileRef = 06EB45121CC0CFE900291DDD /* ic_history_18pt.png */; };
		06F793DC1CC1243100D5A1C7 /* SQLKeybindingManager.m in Sources */ = {isa = PBXBuildFile; fileRef = 06F793DB1CC1243100D5A1C7 /* SQLKeybindingManager.m */; };
/* End PBXBuildFile section */

/* Begin PBXFileReference section */
		06003C101CC12CB5000D5C92 /* ic_folder_open_black_18dp.png */ = {isa = PBXFileReference; lastKnownFileType = image.png; path = ic_folder_open_black_18dp.png; sourceTree = "<group>"; };
		060352361CC099430021AB81 /* ic_computer_18pt.png */ = {isa = PBXFileReference; lastKnownFileType = image.png; path = ic_computer_18pt.png; sourceTree = "<group>"; };
		060352371CC099430021AB81 /* ic_computer_black_24dp.png */ = {isa = PBXFileReference; lastKnownFileType = image.png; path = ic_computer_black_24dp.png; sourceTree = "<group>"; };
		0603523A1CC0B19E0021AB81 /* ic_insert_chart_black_24dp.png */ = {isa = PBXFileReference; lastKnownFileType = image.png; path = ic_insert_chart_black_24dp.png; sourceTree = "<group>"; };
		061AB5DA1CB2253600EDCB4C /* SQLPlugin.xcplugin */ = {isa = PBXFileReference; explicitFileType = wrapper.cfbundle; includeInIndex = 0; path = SQLPlugin.xcplugin; sourceTree = BUILT_PRODUCTS_DIR; };
		061AB5DD1CB2253600EDCB4C /* AppKit.framework */ = {isa = PBXFileReference; lastKnownFileType = wrapper.framework; name = AppKit.framework; path = /System/Library/Frameworks/AppKit.framework; sourceTree = "<absolute>"; };
		061AB5DF1CB2253600EDCB4C /* Foundation.framework */ = {isa = PBXFileReference; lastKnownFileType = wrapper.framework; name = Foundation.framework; path = /System/Library/Frameworks/Foundation.framework; sourceTree = "<absolute>"; };
		061AB5E31CB2253600EDCB4C /* SQLPlugin.xcscheme */ = {isa = PBXFileReference; lastKnownFileType = text.xml; name = SQLPlugin.xcscheme; path = SQLPlugin.xcodeproj/xcshareddata/xcschemes/SQLPlugin.xcscheme; sourceTree = SOURCE_ROOT; };
		061AB5E51CB2253600EDCB4C /* SQLPlugin.h */ = {isa = PBXFileReference; lastKnownFileType = sourcecode.c.h; path = SQLPlugin.h; sourceTree = "<group>"; };
		061AB5E61CB2253600EDCB4C /* SQLPlugin.m */ = {isa = PBXFileReference; lastKnownFileType = sourcecode.c.objc; path = SQLPlugin.m; sourceTree = "<group>"; };
		061AB5E81CB2253600EDCB4C /* NSObject_Extension.h */ = {isa = PBXFileReference; lastKnownFileType = sourcecode.c.h; path = NSObject_Extension.h; sourceTree = "<group>"; };
		061AB5E91CB2253600EDCB4C /* NSObject_Extension.m */ = {isa = PBXFileReference; lastKnownFileType = sourcecode.c.objc; path = NSObject_Extension.m; sourceTree = "<group>"; };
		061AB5EB1CB2253600EDCB4C /* Info.plist */ = {isa = PBXFileReference; lastKnownFileType = text.plist.xml; path = Info.plist; sourceTree = "<group>"; };
		0625C2F91CBC8D5C007C990F /* FMDatabase.h */ = {isa = PBXFileReference; fileEncoding = 4; lastKnownFileType = sourcecode.c.h; path = FMDatabase.h; sourceTree = "<group>"; };
		0625C2FA1CBC8D5C007C990F /* FMDatabase.m */ = {isa = PBXFileReference; fileEncoding = 4; lastKnownFileType = sourcecode.c.objc; path = FMDatabase.m; sourceTree = "<group>"; };
		0625C2FB1CBC8D5C007C990F /* FMDatabaseAdditions.h */ = {isa = PBXFileReference; fileEncoding = 4; lastKnownFileType = sourcecode.c.h; path = FMDatabaseAdditions.h; sourceTree = "<group>"; };
		0625C2FC1CBC8D5C007C990F /* FMDatabaseAdditions.m */ = {isa = PBXFileReference; fileEncoding = 4; lastKnownFileType = sourcecode.c.objc; path = FMDatabaseAdditions.m; sourceTree = "<group>"; };
		0625C2FD1CBC8D5C007C990F /* FMDatabasePool.h */ = {isa = PBXFileReference; fileEncoding = 4; lastKnownFileType = sourcecode.c.h; path = FMDatabasePool.h; sourceTree = "<group>"; };
		0625C2FE1CBC8D5C007C990F /* FMDatabasePool.m */ = {isa = PBXFileReference; fileEncoding = 4; lastKnownFileType = sourcecode.c.objc; path = FMDatabasePool.m; sourceTree = "<group>"; };
		0625C2FF1CBC8D5C007C990F /* FMDatabaseQueue.h */ = {isa = PBXFileReference; fileEncoding = 4; lastKnownFileType = sourcecode.c.h; path = FMDatabaseQueue.h; sourceTree = "<group>"; };
		0625C3001CBC8D5C007C990F /* FMDatabaseQueue.m */ = {isa = PBXFileReference; fileEncoding = 4; lastKnownFileType = sourcecode.c.objc; path = FMDatabaseQueue.m; sourceTree = "<group>"; };
		0625C3011CBC8D5C007C990F /* FMDB.h */ = {isa = PBXFileReference; fileEncoding = 4; lastKnownFileType = sourcecode.c.h; path = FMDB.h; sourceTree = "<group>"; };
		0625C3021CBC8D5C007C990F /* FMResultSet.h */ = {isa = PBXFileReference; fileEncoding = 4; lastKnownFileType = sourcecode.c.h; path = FMResultSet.h; sourceTree = "<group>"; };
		0625C3031CBC8D5C007C990F /* FMResultSet.m */ = {isa = PBXFileReference; fileEncoding = 4; lastKnownFileType = sourcecode.c.objc; path = FMResultSet.m; sourceTree = "<group>"; };
		0625C3041CBC8D5C007C990F /* Info.plist */ = {isa = PBXFileReference; fileEncoding = 4; lastKnownFileType = text.plist.xml; path = Info.plist; sourceTree = "<group>"; };
		0625C3061CBC8D5C007C990F /* DVTFoundation.h */ = {isa = PBXFileReference; fileEncoding = 4; lastKnownFileType = sourcecode.c.h; path = DVTFoundation.h; sourceTree = "<group>"; };
		0625C3071CBC8D5C007C990F /* DVTKit.h */ = {isa = PBXFileReference; fileEncoding = 4; lastKnownFileType = sourcecode.c.h; path = DVTKit.h; sourceTree = "<group>"; };
		0625C3081CBC8D5C007C990F /* IDEFoundation.h */ = {isa = PBXFileReference; fileEncoding = 4; lastKnownFileType = sourcecode.c.h; path = IDEFoundation.h; sourceTree = "<group>"; };
		0625C3091CBC8D5C007C990F /* IDEKeyBindingPreferenceSet.h */ = {isa = PBXFileReference; fileEncoding = 4; lastKnownFileType = sourcecode.c.h; path = IDEKeyBindingPreferenceSet.h; sourceTree = "<group>"; };
		0625C30A1CBC8D5C007C990F /* IDEKit.h */ = {isa = PBXFileReference; fileEncoding = 4; lastKnownFileType = sourcecode.c.h; path = IDEKit.h; sourceTree = "<group>"; };
		0625C30B1CBC8D5C007C990F /* IDESourceEditor.h */ = {isa = PBXFileReference; fileEncoding = 4; lastKnownFileType = sourcecode.c.h; path = IDESourceEditor.h; sourceTree = "<group>"; };
		0625C30E1CBC8D5C007C990F /* ic_add_black_24dp.png */ = {isa = PBXFileReference; lastKnownFileType = image.png; path = ic_add_black_24dp.png; sourceTree = "<group>"; };
		0625C30F1CBC8D5C007C990F /* ic_delete_forever_black_18dp.png */ = {isa = PBXFileReference; lastKnownFileType = image.png; path = ic_delete_forever_black_18dp.png; sourceTree = "<group>"; };
		0625C3111CBC8D5C007C990F /* ic_navigate_before_black_24dp.png */ = {isa = PBXFileReference; lastKnownFileType = image.png; path = ic_navigate_before_black_24dp.png; sourceTree = "<group>"; };
		0625C3121CBC8D5C007C990F /* ic_navigate_next_black_24dp.png */ = {isa = PBXFileReference; lastKnownFileType = image.png; path = ic_navigate_next_black_24dp.png; sourceTree = "<group>"; };
		0625C3141CBC8D5C007C990F /* ic_open_in_new_black_18dp.png */ = {isa = PBXFileReference; lastKnownFileType = image.png; path = ic_open_in_new_black_18dp.png; sourceTree = "<group>"; };
		0625C3151CBC8D5C007C990F /* ic_phone_iphone_black_24dp.png */ = {isa = PBXFileReference; lastKnownFileType = image.png; path = ic_phone_iphone_black_24dp.png; sourceTree = "<group>"; };
		0625C3161CBC8D5C007C990F /* ic_pie_chart_black_24dp.png */ = {isa = PBXFileReference; lastKnownFileType = image.png; path = ic_pie_chart_black_24dp.png; sourceTree = "<group>"; };
		0625C3171CBC8D5C007C990F /* ic_refresh_black_18dp.png */ = {isa = PBXFileReference; lastKnownFileType = image.png; path = ic_refresh_black_18dp.png; sourceTree = "<group>"; };
		063A7D0E1CBB7939003AA338 /* SQLDatabaseManager.h */ = {isa = PBXFileReference; fileEncoding = 4; lastKnownFileType = sourcecode.c.h; path = SQLDatabaseManager.h; sourceTree = "<group>"; };
		063A7D0F1CBB7939003AA338 /* SQLDatabaseManager.m */ = {isa = PBXFileReference; fileEncoding = 4; lastKnownFileType = sourcecode.c.objc; path = SQLDatabaseManager.m; sourceTree = "<group>"; };
		064574981CC5258F00883DEF /* SQLPluginTests.xctest */ = {isa = PBXFileReference; explicitFileType = wrapper.cfbundle; includeInIndex = 0; path = SQLPluginTests.xctest; sourceTree = BUILT_PRODUCTS_DIR; };
		0645749A1CC5258F00883DEF /* SQLPluginTests.m */ = {isa = PBXFileReference; lastKnownFileType = sourcecode.c.objc; path = SQLPluginTests.m; sourceTree = "<group>"; };
		0645749C1CC5258F00883DEF /* Info.plist */ = {isa = PBXFileReference; lastKnownFileType = text.plist.xml; path = Info.plist; sourceTree = "<group>"; };
		0658C07C1CC0C768001FEEFE /* SQLCommandManager.h */ = {isa = PBXFileReference; fileEncoding = 4; lastKnownFileType = sourcecode.c.h; path = SQLCommandManager.h; sourceTree = "<group>"; };
		0658C07D1CC0C768001FEEFE /* SQLCommandManager.m */ = {isa = PBXFileReference; fileEncoding = 4; lastKnownFileType = sourcecode.c.objc; path = SQLCommandManager.m; sourceTree = "<group>"; };
		0658C0841CC0CC38001FEEFE /* ic_description_black_24dp.png */ = {isa = PBXFileReference; lastKnownFileType = image.png; path = ic_description_black_24dp.png; sourceTree = "<group>"; };
		065C02461CC52640009A4BDE /* SQLPluginTestDB.sqlite */ = {isa = PBXFileReference; lastKnownFileType = file; path = SQLPluginTestDB.sqlite; sourceTree = "<group>"; };
		06766A401CC13D0E00F44700 /* SQLCSVManager.h */ = {isa = PBXFileReference; fileEncoding = 4; lastKnownFileType = sourcecode.c.h; name = SQLCSVManager.h; path = SQLCSVManager/SQLCSVManager.h; sourceTree = "<group>"; };
		06766A411CC13D0E00F44700 /* SQLCSVManager.m */ = {isa = PBXFileReference; fileEncoding = 4; lastKnownFileType = sourcecode.c.objc; name = SQLCSVManager.m; path = SQLCSVManager/SQLCSVManager.m; sourceTree = "<group>"; };
		06A459E91CB4123500A0A260 /* SQLDatabaseListView.h */ = {isa = PBXFileReference; fileEncoding = 4; lastKnownFileType = sourcecode.c.h; name = SQLDatabaseListView.h; path = SQLDatabaseListView/SQLDatabaseListView.h; sourceTree = "<group>"; };
		06A459EA1CB4123500A0A260 /* SQLDatabaseListView.m */ = {isa = PBXFileReference; fileEncoding = 4; lastKnownFileType = sourcecode.c.objc; name = SQLDatabaseListView.m; path = SQLDatabaseListView/SQLDatabaseListView.m; sourceTree = "<group>"; };
		06B004C71CBBD85A0043E3D8 /* SQLMainWindow.h */ = {isa = PBXFileReference; fileEncoding = 4; lastKnownFileType = sourcecode.c.h; name = SQLMainWindow.h; path = SQLMainWindow/SQLMainWindow.h; sourceTree = "<group>"; };
		06B004C81CBBD85A0043E3D8 /* SQLMainWindow.m */ = {isa = PBXFileReference; fileEncoding = 4; lastKnownFileType = sourcecode.c.objc; name = SQLMainWindow.m; path = SQLMainWindow/SQLMainWindow.m; sourceTree = "<group>"; };
		06B4F8B31CBCA69A0012F727 /* SQLDatabaseDescription.h */ = {isa = PBXFileReference; fileEncoding = 4; lastKnownFileType = sourcecode.c.h; path = SQLDatabaseDescription.h; sourceTree = "<group>"; };
		06B4F8B41CBCA69A0012F727 /* SQLDatabaseDescription.m */ = {isa = PBXFileReference; fileEncoding = 4; lastKnownFileType = sourcecode.c.objc; path = SQLDatabaseDescription.m; sourceTree = "<group>"; };
		06B4F8B61CBCA69A0012F727 /* SQLDatabaseListDescription.h */ = {isa = PBXFileReference; fileEncoding = 4; lastKnownFileType = sourcecode.c.h; path = SQLDatabaseListDescription.h; sourceTree = "<group>"; };
		06B4F8B71CBCA69A0012F727 /* SQLDatabaseListDescription.m */ = {isa = PBXFileReference; fileEncoding = 4; lastKnownFileType = sourcecode.c.objc; path = SQLDatabaseListDescription.m; sourceTree = "<group>"; };
		06B4F8B91CBCA69A0012F727 /* SQLTableDescription.h */ = {isa = PBXFileReference; fileEncoding = 4; lastKnownFileType = sourcecode.c.h; path = SQLTableDescription.h; sourceTree = "<group>"; };
		06B4F8BA1CBCA69A0012F727 /* SQLTableDescription.m */ = {isa = PBXFileReference; fileEncoding = 4; lastKnownFileType = sourcecode.c.objc; path = SQLTableDescription.m; sourceTree = "<group>"; };
		06B995BD1CC1F7E7009A2DCD /* ic_format_list_bulleted_black_24dp.png */ = {isa = PBXFileReference; lastKnownFileType = image.png; path = ic_format_list_bulleted_black_24dp.png; sourceTree = "<group>"; };
		06B995BF1CC1F8B3009A2DCD /* ic_folder_open_black_24dp.png */ = {isa = PBXFileReference; lastKnownFileType = image.png; path = ic_folder_open_black_24dp.png; sourceTree = "<group>"; };
		06B995C11CC1FA04009A2DCD /* ic_description_black_18dp.png */ = {isa = PBXFileReference; lastKnownFileType = image.png; path = ic_description_black_18dp.png; sourceTree = "<group>"; };
		06B995C31CC204C7009A2DCD /* ic_help_outline_black_24dp.png */ = {isa = PBXFileReference; lastKnownFileType = image.png; path = ic_help_outline_black_24dp.png; sourceTree = "<group>"; };
		06CE278F1CC0B52700ADC45F /* ic_insert_chart_black_18dp.png */ = {isa = PBXFileReference; lastKnownFileType = image.png; path = ic_insert_chart_black_18dp.png; sourceTree = "<group>"; };
		06CE27931CC0C3EF00ADC45F /* SQLMainWindowController.h */ = {isa = PBXFileReference; fileEncoding = 4; lastKnownFileType = sourcecode.c.h; path = SQLMainWindowController.h; sourceTree = "<group>"; };
		06CE27941CC0C3EF00ADC45F /* SQLMainWindowController.m */ = {isa = PBXFileReference; fileEncoding = 4; lastKnownFileType = sourcecode.c.objc; path = SQLMainWindowController.m; sourceTree = "<group>"; };
		06CE27951CC0C3EF00ADC45F /* SQLMainWindowController.xib */ = {isa = PBXFileReference; fileEncoding = 4; lastKnownFileType = file.xib; path = SQLMainWindowController.xib; sourceTree = "<group>"; };
		06CE27971CC0C3EF00ADC45F /* SQLOperationWindowController.h */ = {isa = PBXFileReference; fileEncoding = 4; lastKnownFileType = sourcecode.c.h; path = SQLOperationWindowController.h; sourceTree = "<group>"; };
		06CE27981CC0C3EF00ADC45F /* SQLOperationWindowController.m */ = {isa = PBXFileReference; fileEncoding = 4; lastKnownFileType = sourcecode.c.objc; path = SQLOperationWindowController.m; sourceTree = "<group>"; };
		06CE27991CC0C3EF00ADC45F /* SQLOperationWindowController.xib */ = {isa = PBXFileReference; fileEncoding = 4; lastKnownFileType = file.xib; path = SQLOperationWindowController.xib; sourceTree = "<group>"; };
		06DDD32D1CB34CDB0089DC5C /* SQLSimulatorManager.h */ = {isa = PBXFileReference; fileEncoding = 4; lastKnownFileType = sourcecode.c.h; path = SQLSimulatorManager.h; sourceTree = "<group>"; };
		06DDD32E1CB34CDB0089DC5C /* SQLSimulatorManager.m */ = {isa = PBXFileReference; fileEncoding = 4; lastKnownFileType = sourcecode.c.objc; path = SQLSimulatorManager.m; sourceTree = "<group>"; };
		06DDD3301CB34CDB0089DC5C /* SQLStoreSharedManager.h */ = {isa = PBXFileReference; fileEncoding = 4; lastKnownFileType = sourcecode.c.h; path = SQLStoreSharedManager.h; sourceTree = "<group>"; };
		06DDD3311CB34CDB0089DC5C /* SQLStoreSharedManager.m */ = {isa = PBXFileReference; fileEncoding = 4; lastKnownFileType = sourcecode.c.objc; path = SQLStoreSharedManager.m; sourceTree = "<group>"; };
		06DDD3331CB34CDB0089DC5C /* SQLWindowsManager.h */ = {isa = PBXFileReference; fileEncoding = 4; lastKnownFileType = sourcecode.c.h; path = SQLWindowsManager.h; sourceTree = "<group>"; };
		06DDD3341CB34CDB0089DC5C /* SQLWindowsManager.m */ = {isa = PBXFileReference; fileEncoding = 4; lastKnownFileType = sourcecode.c.objc; path = SQLWindowsManager.m; sourceTree = "<group>"; };
		06DDD33D1CB34CDB0089DC5C /* SQLTableProperty.h */ = {isa = PBXFileReference; fileEncoding = 4; lastKnownFileType = sourcecode.c.h; path = SQLTableProperty.h; sourceTree = "<group>"; };
		06DDD33E1CB34CDB0089DC5C /* SQLTableProperty.m */ = {isa = PBXFileReference; fileEncoding = 4; lastKnownFileType = sourcecode.c.objc; path = SQLTableProperty.m; sourceTree = "<group>"; };
		06DDD34A1CB34CDB0089DC5C /* SQLTableDetailView.h */ = {isa = PBXFileReference; fileEncoding = 4; lastKnownFileType = sourcecode.c.h; path = SQLTableDetailView.h; sourceTree = "<group>"; };
		06DDD34B1CB34CDB0089DC5C /* SQLTableDetailView.m */ = {isa = PBXFileReference; fileEncoding = 4; lastKnownFileType = sourcecode.c.objc; path = SQLTableDetailView.m; sourceTree = "<group>"; };
		06DDD34C1CB34CDB0089DC5C /* SQLTableListProtocol.h */ = {isa = PBXFileReference; fileEncoding = 4; lastKnownFileType = sourcecode.c.h; path = SQLTableListProtocol.h; sourceTree = "<group>"; };
		06DDD34E1CB34CDB0089DC5C /* SQLTableListView.h */ = {isa = PBXFileReference; fileEncoding = 4; lastKnownFileType = sourcecode.c.h; path = SQLTableListView.h; sourceTree = "<group>"; };
		06DDD34F1CB34CDB0089DC5C /* SQLTableListView.m */ = {isa = PBXFileReference; fileEncoding = 4; lastKnownFileType = sourcecode.c.objc; path = SQLTableListView.m; sourceTree = "<group>"; };
		06DDD36B1CB3AFDE0089DC5C /* SQLSimulatorModel.h */ = {isa = PBXFileReference; fileEncoding = 4; lastKnownFileType = sourcecode.c.h; name = SQLSimulatorModel.h; path = SQLSimulatorModel/SQLSimulatorModel.h; sourceTree = "<group>"; };
		06DDD36C1CB3AFDE0089DC5C /* SQLSimulatorModel.m */ = {isa = PBXFileReference; fileEncoding = 4; lastKnownFileType = sourcecode.c.objc; name = SQLSimulatorModel.m; path = SQLSimulatorModel/SQLSimulatorModel.m; sourceTree = "<group>"; };
		06E1CBB61CB237CE00C08E57 /* libsqlite3.tbd */ = {isa = PBXFileReference; lastKnownFileType = "sourcecode.text-based-dylib-definition"; name = libsqlite3.tbd; path = usr/lib/libsqlite3.tbd; sourceTree = SDKROOT; };
		06EB450E1CC0CEE600291DDD /* ic_play_arrow_black_18dp.png */ = {isa = PBXFileReference; lastKnownFileType = image.png; path = ic_play_arrow_black_18dp.png; sourceTree = "<group>"; };
		06EB45101CC0CF9100291DDD /* ic_remove_circle_outline_18pt.png */ = {isa = PBXFileReference; lastKnownFileType = image.png; path = ic_remove_circle_outline_18pt.png; sourceTree = "<group>"; };
		06EB45121CC0CFE900291DDD /* ic_history_18pt.png */ = {isa = PBXFileReference; lastKnownFileType = image.png; path = ic_history_18pt.png; sourceTree = "<group>"; };
		06F793DA1CC1243100D5A1C7 /* SQLKeybindingManager.h */ = {isa = PBXFileReference; fileEncoding = 4; lastKnownFileType = sourcecode.c.h; name = SQLKeybindingManager.h; path = SQLKeybindingManager/SQLKeybindingManager.h; sourceTree = "<group>"; };
		06F793DB1CC1243100D5A1C7 /* SQLKeybindingManager.m */ = {isa = PBXFileReference; fileEncoding = 4; lastKnownFileType = sourcecode.c.objc; name = SQLKeybindingManager.m; path = SQLKeybindingManager/SQLKeybindingManager.m; sourceTree = "<group>"; };
/* End PBXFileReference section */

/* Begin PBXFrameworksBuildPhase section */
		061AB5D81CB2253600EDCB4C /* Frameworks */ = {
			isa = PBXFrameworksBuildPhase;
			buildActionMask = 2147483647;
			files = (
				06E1CBB71CB237CE00C08E57 /* libsqlite3.tbd in Frameworks */,
				061AB5DE1CB2253600EDCB4C /* AppKit.framework in Frameworks */,
				061AB5E01CB2253600EDCB4C /* Foundation.framework in Frameworks */,
			);
			runOnlyForDeploymentPostprocessing = 0;
		};
		064574951CC5258F00883DEF /* Frameworks */ = {
			isa = PBXFrameworksBuildPhase;
			buildActionMask = 2147483647;
			files = (
				065C02611CC5268C009A4BDE /* libsqlite3.tbd in Frameworks */,
			);
			runOnlyForDeploymentPostprocessing = 0;
		};
/* End PBXFrameworksBuildPhase section */

/* Begin PBXGroup section */
		061AB5D11CB2253600EDCB4C = {
			isa = PBXGroup;
			children = (
				061AB5E11CB2253600EDCB4C /* SQLPlugin */,
				064574991CC5258F00883DEF /* SQLPluginTests */,
				061AB5DC1CB2253600EDCB4C /* Frameworks */,
				061AB5DB1CB2253600EDCB4C /* Products */,
			);
			sourceTree = "<group>";
		};
		061AB5DB1CB2253600EDCB4C /* Products */ = {
			isa = PBXGroup;
			children = (
				061AB5DA1CB2253600EDCB4C /* SQLPlugin.xcplugin */,
				064574981CC5258F00883DEF /* SQLPluginTests.xctest */,
			);
			name = Products;
			sourceTree = "<group>";
		};
		061AB5DC1CB2253600EDCB4C /* Frameworks */ = {
			isa = PBXGroup;
			children = (
				06E1CBB61CB237CE00C08E57 /* libsqlite3.tbd */,
				061AB5DD1CB2253600EDCB4C /* AppKit.framework */,
				061AB5DF1CB2253600EDCB4C /* Foundation.framework */,
			);
			name = Frameworks;
			sourceTree = "<group>";
		};
		061AB5E11CB2253600EDCB4C /* SQLPlugin */ = {
			isa = PBXGroup;
			children = (
				0625C2F71CBC8D5C007C990F /* Other */,
				06DDD32A1CB34CDB0089DC5C /* Class */,
				061AB5E51CB2253600EDCB4C /* SQLPlugin.h */,
				061AB5E61CB2253600EDCB4C /* SQLPlugin.m */,
				061AB5E81CB2253600EDCB4C /* NSObject_Extension.h */,
				061AB5E91CB2253600EDCB4C /* NSObject_Extension.m */,
				061AB5EB1CB2253600EDCB4C /* Info.plist */,
				061AB5E21CB2253600EDCB4C /* Supporting Files */,
			);
			path = SQLPlugin;
			sourceTree = "<group>";
		};
		061AB5E21CB2253600EDCB4C /* Supporting Files */ = {
			isa = PBXGroup;
			children = (
				061AB5E31CB2253600EDCB4C /* SQLPlugin.xcscheme */,
			);
			name = "Supporting Files";
			sourceTree = "<group>";
		};
		0625C2F71CBC8D5C007C990F /* Other */ = {
			isa = PBXGroup;
			children = (
				0625C2F81CBC8D5C007C990F /* FMDB */,
				0625C3051CBC8D5C007C990F /* IDE */,
				0625C30C1CBC8D5C007C990F /* Resource */,
			);
			path = Other;
			sourceTree = "<group>";
		};
		0625C2F81CBC8D5C007C990F /* FMDB */ = {
			isa = PBXGroup;
			children = (
				0625C2F91CBC8D5C007C990F /* FMDatabase.h */,
				0625C2FA1CBC8D5C007C990F /* FMDatabase.m */,
				0625C2FB1CBC8D5C007C990F /* FMDatabaseAdditions.h */,
				0625C2FC1CBC8D5C007C990F /* FMDatabaseAdditions.m */,
				0625C2FD1CBC8D5C007C990F /* FMDatabasePool.h */,
				0625C2FE1CBC8D5C007C990F /* FMDatabasePool.m */,
				0625C2FF1CBC8D5C007C990F /* FMDatabaseQueue.h */,
				0625C3001CBC8D5C007C990F /* FMDatabaseQueue.m */,
				0625C3011CBC8D5C007C990F /* FMDB.h */,
				0625C3021CBC8D5C007C990F /* FMResultSet.h */,
				0625C3031CBC8D5C007C990F /* FMResultSet.m */,
				0625C3041CBC8D5C007C990F /* Info.plist */,
			);
			path = FMDB;
			sourceTree = "<group>";
		};
		0625C3051CBC8D5C007C990F /* IDE */ = {
			isa = PBXGroup;
			children = (
				0625C3061CBC8D5C007C990F /* DVTFoundation.h */,
				0625C3071CBC8D5C007C990F /* DVTKit.h */,
				0625C3081CBC8D5C007C990F /* IDEFoundation.h */,
				0625C3091CBC8D5C007C990F /* IDEKeyBindingPreferenceSet.h */,
				0625C30A1CBC8D5C007C990F /* IDEKit.h */,
				0625C30B1CBC8D5C007C990F /* IDESourceEditor.h */,
			);
			path = IDE;
			sourceTree = "<group>";
		};
		0625C30C1CBC8D5C007C990F /* Resource */ = {
			isa = PBXGroup;
			children = (
				06B995C31CC204C7009A2DCD /* ic_help_outline_black_24dp.png */,
				06B995C11CC1FA04009A2DCD /* ic_description_black_18dp.png */,
				06B995BF1CC1F8B3009A2DCD /* ic_folder_open_black_24dp.png */,
				06B995BD1CC1F7E7009A2DCD /* ic_format_list_bulleted_black_24dp.png */,
				06003C101CC12CB5000D5C92 /* ic_folder_open_black_18dp.png */,
				06EB45121CC0CFE900291DDD /* ic_history_18pt.png */,
				06EB45101CC0CF9100291DDD /* ic_remove_circle_outline_18pt.png */,
				06EB450E1CC0CEE600291DDD /* ic_play_arrow_black_18dp.png */,
				0658C0841CC0CC38001FEEFE /* ic_description_black_24dp.png */,
				06CE278F1CC0B52700ADC45F /* ic_insert_chart_black_18dp.png */,
				0603523A1CC0B19E0021AB81 /* ic_insert_chart_black_24dp.png */,
				060352361CC099430021AB81 /* ic_computer_18pt.png */,
				060352371CC099430021AB81 /* ic_computer_black_24dp.png */,
				0625C30E1CBC8D5C007C990F /* ic_add_black_24dp.png */,
				0625C30F1CBC8D5C007C990F /* ic_delete_forever_black_18dp.png */,
				0625C3111CBC8D5C007C990F /* ic_navigate_before_black_24dp.png */,
				0625C3121CBC8D5C007C990F /* ic_navigate_next_black_24dp.png */,
				0625C3141CBC8D5C007C990F /* ic_open_in_new_black_18dp.png */,
				0625C3151CBC8D5C007C990F /* ic_phone_iphone_black_24dp.png */,
				0625C3161CBC8D5C007C990F /* ic_pie_chart_black_24dp.png */,
				0625C3171CBC8D5C007C990F /* ic_refresh_black_18dp.png */,
			);
			path = Resource;
			sourceTree = "<group>";
		};
		063A7D0D1CBB7939003AA338 /* SQLDatabaseManager */ = {
			isa = PBXGroup;
			children = (
				063A7D0E1CBB7939003AA338 /* SQLDatabaseManager.h */,
				063A7D0F1CBB7939003AA338 /* SQLDatabaseManager.m */,
			);
			path = SQLDatabaseManager;
			sourceTree = "<group>";
		};
		064574991CC5258F00883DEF /* SQLPluginTests */ = {
			isa = PBXGroup;
			children = (
				065C02461CC52640009A4BDE /* SQLPluginTestDB.sqlite */,
				0645749A1CC5258F00883DEF /* SQLPluginTests.m */,
				0645749C1CC5258F00883DEF /* Info.plist */,
			);
			path = SQLPluginTests;
			sourceTree = "<group>";
		};
		0658C07B1CC0C768001FEEFE /* SQLCommandManager */ = {
			isa = PBXGroup;
			children = (
				0658C07C1CC0C768001FEEFE /* SQLCommandManager.h */,
				0658C07D1CC0C768001FEEFE /* SQLCommandManager.m */,
			);
			path = SQLCommandManager;
			sourceTree = "<group>";
		};
		06766A3F1CC13CF700F44700 /* SQLCSVManager */ = {
			isa = PBXGroup;
			children = (
				06766A401CC13D0E00F44700 /* SQLCSVManager.h */,
				06766A411CC13D0E00F44700 /* SQLCSVManager.m */,
			);
			name = SQLCSVManager;
			sourceTree = "<group>";
		};
		06A459E81CB4121100A0A260 /* SQLDatabaseListView */ = {
			isa = PBXGroup;
			children = (
				06A459E91CB4123500A0A260 /* SQLDatabaseListView.h */,
				06A459EA1CB4123500A0A260 /* SQLDatabaseListView.m */,
			);
			name = SQLDatabaseListView;
			sourceTree = "<group>";
		};
		06B004C61CBBD8330043E3D8 /* SQLMainWindow */ = {
			isa = PBXGroup;
			children = (
				06B004C71CBBD85A0043E3D8 /* SQLMainWindow.h */,
				06B004C81CBBD85A0043E3D8 /* SQLMainWindow.m */,
			);
			name = SQLMainWindow;
			sourceTree = "<group>";
		};
		06B4F8B21CBCA69A0012F727 /* SQLDatabaseDescription */ = {
			isa = PBXGroup;
			children = (
				06B4F8B31CBCA69A0012F727 /* SQLDatabaseDescription.h */,
				06B4F8B41CBCA69A0012F727 /* SQLDatabaseDescription.m */,
			);
			path = SQLDatabaseDescription;
			sourceTree = "<group>";
		};
		06B4F8B51CBCA69A0012F727 /* SQLDatabaseListDescription */ = {
			isa = PBXGroup;
			children = (
				06B4F8B61CBCA69A0012F727 /* SQLDatabaseListDescription.h */,
				06B4F8B71CBCA69A0012F727 /* SQLDatabaseListDescription.m */,
			);
			path = SQLDatabaseListDescription;
			sourceTree = "<group>";
		};
		06B4F8B81CBCA69A0012F727 /* SQLTableDescription */ = {
			isa = PBXGroup;
			children = (
				06B4F8B91CBCA69A0012F727 /* SQLTableDescription.h */,
				06B4F8BA1CBCA69A0012F727 /* SQLTableDescription.m */,
			);
			path = SQLTableDescription;
			sourceTree = "<group>";
		};
		06CE27911CC0C3EF00ADC45F /* WindowController */ = {
			isa = PBXGroup;
			children = (
				06CE27921CC0C3EF00ADC45F /* SQLMainWindowController */,
				06CE27961CC0C3EF00ADC45F /* SQLOperationWindowController */,
			);
			path = WindowController;
			sourceTree = "<group>";
		};
		06CE27921CC0C3EF00ADC45F /* SQLMainWindowController */ = {
			isa = PBXGroup;
			children = (
				06CE27931CC0C3EF00ADC45F /* SQLMainWindowController.h */,
				06CE27941CC0C3EF00ADC45F /* SQLMainWindowController.m */,
				06CE27951CC0C3EF00ADC45F /* SQLMainWindowController.xib */,
			);
			path = SQLMainWindowController;
			sourceTree = "<group>";
		};
		06CE27961CC0C3EF00ADC45F /* SQLOperationWindowController */ = {
			isa = PBXGroup;
			children = (
				06CE27971CC0C3EF00ADC45F /* SQLOperationWindowController.h */,
				06CE27981CC0C3EF00ADC45F /* SQLOperationWindowController.m */,
				06CE27991CC0C3EF00ADC45F /* SQLOperationWindowController.xib */,
			);
			path = SQLOperationWindowController;
			sourceTree = "<group>";
		};
		06DDD32A1CB34CDB0089DC5C /* Class */ = {
			isa = PBXGroup;
			children = (
				06CE27911CC0C3EF00ADC45F /* WindowController */,
				06DDD32B1CB34CDB0089DC5C /* Manager */,
				06DDD3351CB34CDB0089DC5C /* Model */,
				06DDD3421CB34CDB0089DC5C /* View */,
			);
			path = Class;
			sourceTree = "<group>";
		};
		06DDD32B1CB34CDB0089DC5C /* Manager */ = {
			isa = PBXGroup;
			children = (
				06766A3F1CC13CF700F44700 /* SQLCSVManager */,
				06F793D91CC1240900D5A1C7 /* SQLKeybindingManager */,
				0658C07B1CC0C768001FEEFE /* SQLCommandManager */,
				063A7D0D1CBB7939003AA338 /* SQLDatabaseManager */,
				06DDD32C1CB34CDB0089DC5C /* SQLSimulatorManager */,
				06DDD32F1CB34CDB0089DC5C /* SQLStoreSharedManager */,
				06DDD3321CB34CDB0089DC5C /* SQLWindowsManager */,
			);
			path = Manager;
			sourceTree = "<group>";
		};
		06DDD32C1CB34CDB0089DC5C /* SQLSimulatorManager */ = {
			isa = PBXGroup;
			children = (
				06DDD32D1CB34CDB0089DC5C /* SQLSimulatorManager.h */,
				06DDD32E1CB34CDB0089DC5C /* SQLSimulatorManager.m */,
			);
			path = SQLSimulatorManager;
			sourceTree = "<group>";
		};
		06DDD32F1CB34CDB0089DC5C /* SQLStoreSharedManager */ = {
			isa = PBXGroup;
			children = (
				06DDD3301CB34CDB0089DC5C /* SQLStoreSharedManager.h */,
				06DDD3311CB34CDB0089DC5C /* SQLStoreSharedManager.m */,
			);
			path = SQLStoreSharedManager;
			sourceTree = "<group>";
		};
		06DDD3321CB34CDB0089DC5C /* SQLWindowsManager */ = {
			isa = PBXGroup;
			children = (
				06DDD3331CB34CDB0089DC5C /* SQLWindowsManager.h */,
				06DDD3341CB34CDB0089DC5C /* SQLWindowsManager.m */,
			);
			path = SQLWindowsManager;
			sourceTree = "<group>";
		};
		06DDD3351CB34CDB0089DC5C /* Model */ = {
			isa = PBXGroup;
			children = (
				06B4F8B21CBCA69A0012F727 /* SQLDatabaseDescription */,
				06B4F8B51CBCA69A0012F727 /* SQLDatabaseListDescription */,
				06B4F8B81CBCA69A0012F727 /* SQLTableDescription */,
				06DDD36A1CB3AFCD0089DC5C /* SQLSimulatorModel */,
				06DDD33C1CB34CDB0089DC5C /* SQLTableProperty */,
			);
			path = Model;
			sourceTree = "<group>";
		};
		06DDD33C1CB34CDB0089DC5C /* SQLTableProperty */ = {
			isa = PBXGroup;
			children = (
				06DDD33D1CB34CDB0089DC5C /* SQLTableProperty.h */,
				06DDD33E1CB34CDB0089DC5C /* SQLTableProperty.m */,
			);
			path = SQLTableProperty;
			sourceTree = "<group>";
		};
		06DDD3421CB34CDB0089DC5C /* View */ = {
			isa = PBXGroup;
			children = (
				06B004C61CBBD8330043E3D8 /* SQLMainWindow */,
				06A459E81CB4121100A0A260 /* SQLDatabaseListView */,
				06DDD3491CB34CDB0089DC5C /* SQLTableDetailView */,
				06DDD34C1CB34CDB0089DC5C /* SQLTableListProtocol.h */,
				06DDD34D1CB34CDB0089DC5C /* SQLTableListView */,
			);
			path = View;
			sourceTree = "<group>";
		};
		06DDD3491CB34CDB0089DC5C /* SQLTableDetailView */ = {
			isa = PBXGroup;
			children = (
				06DDD34A1CB34CDB0089DC5C /* SQLTableDetailView.h */,
				06DDD34B1CB34CDB0089DC5C /* SQLTableDetailView.m */,
			);
			path = SQLTableDetailView;
			sourceTree = "<group>";
		};
		06DDD34D1CB34CDB0089DC5C /* SQLTableListView */ = {
			isa = PBXGroup;
			children = (
				06DDD34E1CB34CDB0089DC5C /* SQLTableListView.h */,
				06DDD34F1CB34CDB0089DC5C /* SQLTableListView.m */,
			);
			path = SQLTableListView;
			sourceTree = "<group>";
		};
		06DDD36A1CB3AFCD0089DC5C /* SQLSimulatorModel */ = {
			isa = PBXGroup;
			children = (
				06DDD36B1CB3AFDE0089DC5C /* SQLSimulatorModel.h */,
				06DDD36C1CB3AFDE0089DC5C /* SQLSimulatorModel.m */,
			);
			name = SQLSimulatorModel;
			sourceTree = "<group>";
		};
		06F793D91CC1240900D5A1C7 /* SQLKeybindingManager */ = {
			isa = PBXGroup;
			children = (
				06F793DA1CC1243100D5A1C7 /* SQLKeybindingManager.h */,
				06F793DB1CC1243100D5A1C7 /* SQLKeybindingManager.m */,
			);
			name = SQLKeybindingManager;
			sourceTree = "<group>";
		};
/* End PBXGroup section */

/* Begin PBXNativeTarget section */
		061AB5D91CB2253600EDCB4C /* SQLPlugin */ = {
			isa = PBXNativeTarget;
			buildConfigurationList = 061AB5EE1CB2253600EDCB4C /* Build configuration list for PBXNativeTarget "SQLPlugin" */;
			buildPhases = (
				061AB5D61CB2253600EDCB4C /* Sources */,
				061AB5D71CB2253600EDCB4C /* Resources */,
				061AB5D81CB2253600EDCB4C /* Frameworks */,
			);
			buildRules = (
			);
			dependencies = (
			);
			name = SQLPlugin;
			productName = SQLPlugin;
			productReference = 061AB5DA1CB2253600EDCB4C /* SQLPlugin.xcplugin */;
			productType = "com.apple.product-type.bundle";
		};
		064574971CC5258F00883DEF /* SQLPluginTests */ = {
			isa = PBXNativeTarget;
			buildConfigurationList = 0645749F1CC5258F00883DEF /* Build configuration list for PBXNativeTarget "SQLPluginTests" */;
			buildPhases = (
				064574941CC5258F00883DEF /* Sources */,
				064574951CC5258F00883DEF /* Frameworks */,
				064574961CC5258F00883DEF /* Resources */,
			);
			buildRules = (
			);
			dependencies = (
			);
			name = SQLPluginTests;
			productName = SQLPluginTests;
			productReference = 064574981CC5258F00883DEF /* SQLPluginTests.xctest */;
			productType = "com.apple.product-type.bundle.unit-test";
		};
/* End PBXNativeTarget section */

/* Begin PBXProject section */
		061AB5D21CB2253600EDCB4C /* Project object */ = {
			isa = PBXProject;
			attributes = {
				LastUpgradeCheck = 0720;
				ORGANIZATIONNAME = "Alfred Jiang";
				TargetAttributes = {
					061AB5D91CB2253600EDCB4C = {
						CreatedOnToolsVersion = 7.2.1;
					};
					064574971CC5258F00883DEF = {
						CreatedOnToolsVersion = 7.2.1;
					};
				};
			};
			buildConfigurationList = 061AB5D51CB2253600EDCB4C /* Build configuration list for PBXProject "SQLPlugin" */;
			compatibilityVersion = "Xcode 3.2";
			developmentRegion = English;
			hasScannedForEncodings = 0;
			knownRegions = (
				en,
			);
			mainGroup = 061AB5D11CB2253600EDCB4C;
			productRefGroup = 061AB5DB1CB2253600EDCB4C /* Products */;
			projectDirPath = "";
			projectRoot = "";
			targets = (
				061AB5D91CB2253600EDCB4C /* SQLPlugin */,
				064574971CC5258F00883DEF /* SQLPluginTests */,
			);
		};
/* End PBXProject section */

/* Begin PBXResourcesBuildPhase section */
		061AB5D71CB2253600EDCB4C /* Resources */ = {
			isa = PBXResourcesBuildPhase;
			buildActionMask = 2147483647;
			files = (
				060352391CC099430021AB81 /* ic_computer_black_24dp.png in Resources */,
				06EB45111CC0CF9100291DDD /* ic_remove_circle_outline_18pt.png in Resources */,
				06CE279B1CC0C3EF00ADC45F /* SQLMainWindowController.xib in Resources */,
				0625C31F1CBC8D5C007C990F /* ic_add_black_24dp.png in Resources */,
				061AB5E41CB2253600EDCB4C /* SQLPlugin.xcscheme in Resources */,
				0625C3201CBC8D5C007C990F /* ic_delete_forever_black_18dp.png in Resources */,
				06EB450F1CC0CEE600291DDD /* ic_play_arrow_black_18dp.png in Resources */,
				0625C3281CBC8D5C007C990F /* ic_refresh_black_18dp.png in Resources */,
				0625C31D1CBC8D5C007C990F /* Info.plist in Resources */,
				0625C3221CBC8D5C007C990F /* ic_navigate_before_black_24dp.png in Resources */,
				06B995BE1CC1F7E7009A2DCD /* ic_format_list_bulleted_black_24dp.png in Resources */,
				06B995C41CC204C7009A2DCD /* ic_help_outline_black_24dp.png in Resources */,
				06B995C21CC1FA04009A2DCD /* ic_description_black_18dp.png in Resources */,
				06B995C01CC1F8B3009A2DCD /* ic_folder_open_black_24dp.png in Resources */,
				0625C3261CBC8D5C007C990F /* ic_phone_iphone_black_24dp.png in Resources */,
				0625C3251CBC8D5C007C990F /* ic_open_in_new_black_18dp.png in Resources */,
				060352381CC099430021AB81 /* ic_computer_18pt.png in Resources */,
				06CE279D1CC0C3EF00ADC45F /* SQLOperationWindowController.xib in Resources */,
				0625C3271CBC8D5C007C990F /* ic_pie_chart_black_24dp.png in Resources */,
				06EB45131CC0CFE900291DDD /* ic_history_18pt.png in Resources */,
				0625C3231CBC8D5C007C990F /* ic_navigate_next_black_24dp.png in Resources */,
				0658C0861CC0CC38001FEEFE /* ic_description_black_24dp.png in Resources */,
				06003C111CC12CB5000D5C92 /* ic_folder_open_black_18dp.png in Resources */,
				0603523B1CC0B19E0021AB81 /* ic_insert_chart_black_24dp.png in Resources */,
				06CE27901CC0B52700ADC45F /* ic_insert_chart_black_18dp.png in Resources */,
			);
			runOnlyForDeploymentPostprocessing = 0;
		};
		064574961CC5258F00883DEF /* Resources */ = {
			isa = PBXResourcesBuildPhase;
			buildActionMask = 2147483647;
			files = (
				065C02471CC52640009A4BDE /* SQLPluginTestDB.sqlite in Resources */,
			);
			runOnlyForDeploymentPostprocessing = 0;
		};
/* End PBXResourcesBuildPhase section */

/* Begin PBXSourcesBuildPhase section */
		061AB5D61CB2253600EDCB4C /* Sources */ = {
			isa = PBXSourcesBuildPhase;
			buildActionMask = 2147483647;
			files = (
				06F793DC1CC1243100D5A1C7 /* SQLKeybindingManager.m in Sources */,
				06DDD3621CB34CDB0089DC5C /* SQLTableListView.m in Sources */,
				0625C31A1CBC8D5C007C990F /* FMDatabasePool.m in Sources */,
				06DDD35A1CB34CDB0089DC5C /* SQLWindowsManager.m in Sources */,
				0625C31B1CBC8D5C007C990F /* FMDatabaseQueue.m in Sources */,
				06CE279C1CC0C3EF00ADC45F /* SQLOperationWindowController.m in Sources */,
				06B4F8BB1CBCA69A0012F727 /* SQLDatabaseDescription.m in Sources */,
				0625C3181CBC8D5C007C990F /* FMDatabase.m in Sources */,
				0625C3191CBC8D5C007C990F /* FMDatabaseAdditions.m in Sources */,
				0625C31C1CBC8D5C007C990F /* FMResultSet.m in Sources */,
				061AB5E71CB2253600EDCB4C /* SQLPlugin.m in Sources */,
				06DDD3581CB34CDB0089DC5C /* SQLSimulatorManager.m in Sources */,
				06DDD36D1CB3AFDE0089DC5C /* SQLSimulatorModel.m in Sources */,
				06B004C91CBBD85A0043E3D8 /* SQLMainWindow.m in Sources */,
				06B4F8BD1CBCA69A0012F727 /* SQLTableDescription.m in Sources */,
				06DDD3611CB34CDB0089DC5C /* SQLTableDetailView.m in Sources */,
				06766A421CC13D0E00F44700 /* SQLCSVManager.m in Sources */,
				06A459EB1CB4123500A0A260 /* SQLDatabaseListView.m in Sources */,
				06DDD35D1CB34CDB0089DC5C /* SQLTableProperty.m in Sources */,
				06B4F8BC1CBCA69A0012F727 /* SQLDatabaseListDescription.m in Sources */,
				063A7D101CBB7939003AA338 /* SQLDatabaseManager.m in Sources */,
				061AB5EA1CB2253600EDCB4C /* NSObject_Extension.m in Sources */,
				06CE279A1CC0C3EF00ADC45F /* SQLMainWindowController.m in Sources */,
				06DDD3591CB34CDB0089DC5C /* SQLStoreSharedManager.m in Sources */,
				0658C07E1CC0C768001FEEFE /* SQLCommandManager.m in Sources */,
			);
			runOnlyForDeploymentPostprocessing = 0;
		};
		064574941CC5258F00883DEF /* Sources */ = {
			isa = PBXSourcesBuildPhase;
			buildActionMask = 2147483647;
			files = (
				065C024C1CC52679009A4BDE /* FMResultSet.m in Sources */,
				065C025D1CC52679009A4BDE /* SQLTableDetailView.m in Sources */,
				065C025F1CC52679009A4BDE /* SQLPlugin.m in Sources */,
				065C024B1CC52679009A4BDE /* FMDatabaseQueue.m in Sources */,
				065C02551CC52679009A4BDE /* SQLWindowsManager.m in Sources */,
				0645749B1CC5258F00883DEF /* SQLPluginTests.m in Sources */,
				065C02521CC52679009A4BDE /* SQLDatabaseManager.m in Sources */,
				065C024A1CC52679009A4BDE /* FMDatabasePool.m in Sources */,
				065C02531CC52679009A4BDE /* SQLSimulatorManager.m in Sources */,
				065C02591CC52679009A4BDE /* SQLSimulatorModel.m in Sources */,
				065C02501CC52679009A4BDE /* SQLKeybindingManager.m in Sources */,
				065C024F1CC52679009A4BDE /* SQLCSVManager.m in Sources */,
				065C025A1CC52679009A4BDE /* SQLTableProperty.m in Sources */,
				065C025E1CC52679009A4BDE /* SQLTableListView.m in Sources */,
				065C025B1CC52679009A4BDE /* SQLMainWindow.m in Sources */,
				065C02481CC52679009A4BDE /* FMDatabase.m in Sources */,
				065C02541CC52679009A4BDE /* SQLStoreSharedManager.m in Sources */,
				065C02511CC52679009A4BDE /* SQLCommandManager.m in Sources */,
				065C02561CC52679009A4BDE /* SQLDatabaseDescription.m in Sources */,
				065C025C1CC52679009A4BDE /* SQLDatabaseListView.m in Sources */,
				065C02571CC52679009A4BDE /* SQLDatabaseListDescription.m in Sources */,
				065C024D1CC52679009A4BDE /* SQLMainWindowController.m in Sources */,
				065C024E1CC52679009A4BDE /* SQLOperationWindowController.m in Sources */,
				065C02581CC52679009A4BDE /* SQLTableDescription.m in Sources */,
				065C02491CC52679009A4BDE /* FMDatabaseAdditions.m in Sources */,
				065C02601CC52679009A4BDE /* NSObject_Extension.m in Sources */,
			);
			runOnlyForDeploymentPostprocessing = 0;
		};
/* End PBXSourcesBuildPhase section */

/* Begin XCBuildConfiguration section */
		061AB5EC1CB2253600EDCB4C /* Debug */ = {
			isa = XCBuildConfiguration;
			buildSettings = {
				ALWAYS_SEARCH_USER_PATHS = NO;
				CLANG_CXX_LANGUAGE_STANDARD = "gnu++0x";
				CLANG_CXX_LIBRARY = "libc++";
				CLANG_ENABLE_MODULES = YES;
				CLANG_ENABLE_OBJC_ARC = YES;
				CLANG_WARN_BOOL_CONVERSION = YES;
				CLANG_WARN_CONSTANT_CONVERSION = YES;
				CLANG_WARN_DIRECT_OBJC_ISA_USAGE = YES_ERROR;
				CLANG_WARN_EMPTY_BODY = YES;
				CLANG_WARN_ENUM_CONVERSION = YES;
				CLANG_WARN_INT_CONVERSION = YES;
				CLANG_WARN_OBJC_ROOT_CLASS = YES_ERROR;
				CLANG_WARN_UNREACHABLE_CODE = YES;
				CLANG_WARN__DUPLICATE_METHOD_MATCH = YES;
				COPY_PHASE_STRIP = NO;
				DEBUG_INFORMATION_FORMAT = dwarf;
				ENABLE_STRICT_OBJC_MSGSEND = YES;
				ENABLE_TESTABILITY = YES;
				GCC_C_LANGUAGE_STANDARD = gnu99;
				GCC_DYNAMIC_NO_PIC = NO;
				GCC_NO_COMMON_BLOCKS = YES;
				GCC_OPTIMIZATION_LEVEL = 0;
				GCC_PREPROCESSOR_DEFINITIONS = (
					"DEBUG=1",
					"$(inherited)",
				);
				GCC_WARN_64_TO_32_BIT_CONVERSION = YES;
				GCC_WARN_ABOUT_RETURN_TYPE = YES_ERROR;
				GCC_WARN_UNDECLARED_SELECTOR = YES;
				GCC_WARN_UNINITIALIZED_AUTOS = YES_AGGRESSIVE;
				GCC_WARN_UNUSED_FUNCTION = YES;
				GCC_WARN_UNUSED_VARIABLE = YES;
				MACOSX_DEPLOYMENT_TARGET = 10.9;
				MTL_ENABLE_DEBUG_INFO = YES;
				ONLY_ACTIVE_ARCH = YES;
			};
			name = Debug;
		};
		061AB5ED1CB2253600EDCB4C /* Release */ = {
			isa = XCBuildConfiguration;
			buildSettings = {
				ALWAYS_SEARCH_USER_PATHS = NO;
				CLANG_CXX_LANGUAGE_STANDARD = "gnu++0x";
				CLANG_CXX_LIBRARY = "libc++";
				CLANG_ENABLE_MODULES = YES;
				CLANG_ENABLE_OBJC_ARC = YES;
				CLANG_WARN_BOOL_CONVERSION = YES;
				CLANG_WARN_CONSTANT_CONVERSION = YES;
				CLANG_WARN_DIRECT_OBJC_ISA_USAGE = YES_ERROR;
				CLANG_WARN_EMPTY_BODY = YES;
				CLANG_WARN_ENUM_CONVERSION = YES;
				CLANG_WARN_INT_CONVERSION = YES;
				CLANG_WARN_OBJC_ROOT_CLASS = YES_ERROR;
				CLANG_WARN_UNREACHABLE_CODE = YES;
				CLANG_WARN__DUPLICATE_METHOD_MATCH = YES;
				COPY_PHASE_STRIP = NO;
				DEBUG_INFORMATION_FORMAT = "dwarf-with-dsym";
				ENABLE_NS_ASSERTIONS = NO;
				ENABLE_STRICT_OBJC_MSGSEND = YES;
				GCC_C_LANGUAGE_STANDARD = gnu99;
				GCC_NO_COMMON_BLOCKS = YES;
				GCC_WARN_64_TO_32_BIT_CONVERSION = YES;
				GCC_WARN_ABOUT_RETURN_TYPE = YES_ERROR;
				GCC_WARN_UNDECLARED_SELECTOR = YES;
				GCC_WARN_UNINITIALIZED_AUTOS = YES_AGGRESSIVE;
				GCC_WARN_UNUSED_FUNCTION = YES;
				GCC_WARN_UNUSED_VARIABLE = YES;
				MACOSX_DEPLOYMENT_TARGET = 10.9;
				MTL_ENABLE_DEBUG_INFO = NO;
			};
			name = Release;
		};
		061AB5EF1CB2253600EDCB4C /* Debug */ = {
			isa = XCBuildConfiguration;
			buildSettings = {
				COMBINE_HIDPI_IMAGES = YES;
				DEPLOYMENT_LOCATION = YES;
				DSTROOT = "$(HOME)";
				INFOPLIST_FILE = SQLPlugin/Info.plist;
				INSTALL_PATH = "/Library/Application Support/Developer/Shared/Xcode/Plug-ins";
				MACOSX_DEPLOYMENT_TARGET = 10.10;
				OTHER_LDFLAGS = "-ObjC";
				PRODUCT_BUNDLE_IDENTIFIER = com.alfredjiang.SQLPlugin;
				PRODUCT_NAME = "$(TARGET_NAME)";
				WRAPPER_EXTENSION = xcplugin;
			};
			name = Debug;
		};
		061AB5F01CB2253600EDCB4C /* Release */ = {
			isa = XCBuildConfiguration;
			buildSettings = {
				COMBINE_HIDPI_IMAGES = YES;
				DEPLOYMENT_LOCATION = YES;
				DSTROOT = "$(HOME)";
				INFOPLIST_FILE = SQLPlugin/Info.plist;
				INSTALL_PATH = "/Library/Application Support/Developer/Shared/Xcode/Plug-ins";
				MACOSX_DEPLOYMENT_TARGET = 10.10;
				OTHER_LDFLAGS = "-ObjC";
				PRODUCT_BUNDLE_IDENTIFIER = com.alfredjiang.SQLPlugin;
				PRODUCT_NAME = "$(TARGET_NAME)";
				WRAPPER_EXTENSION = xcplugin;
			};
			name = Release;
		};
		0645749D1CC5258F00883DEF /* Debug */ = {
			isa = XCBuildConfiguration;
			buildSettings = {
				CODE_SIGN_IDENTITY = "-";
				COMBINE_HIDPI_IMAGES = YES;
				INFOPLIST_FILE = SQLPluginTests/Info.plist;
				LD_RUNPATH_SEARCH_PATHS = "$(inherited) @executable_path/../Frameworks @loader_path/../Frameworks";
				MACOSX_DEPLOYMENT_TARGET = 10.10;
				PRODUCT_BUNDLE_IDENTIFIER = com.alfredjiang.SQLPluginTests;
				PRODUCT_NAME = "$(TARGET_NAME)";
				SDKROOT = macosx;
			};
			name = Debug;
		};
		0645749E1CC5258F00883DEF /* Release */ = {
			isa = XCBuildConfiguration;
			buildSettings = {
				CODE_SIGN_IDENTITY = "-";
				COMBINE_HIDPI_IMAGES = YES;
				INFOPLIST_FILE = SQLPluginTests/Info.plist;
				LD_RUNPATH_SEARCH_PATHS = "$(inherited) @executable_path/../Frameworks @loader_path/../Frameworks";
				MACOSX_DEPLOYMENT_TARGET = 10.10;
				PRODUCT_BUNDLE_IDENTIFIER = com.alfredjiang.SQLPluginTests;
				PRODUCT_NAME = "$(TARGET_NAME)";
				SDKROOT = macosx;
			};
			name = Release;
		};
/* End XCBuildConfiguration section */

/* Begin XCConfigurationList section */
		061AB5D51CB2253600EDCB4C /* Build configuration list for PBXProject "SQLPlugin" */ = {
			isa = XCConfigurationList;
			buildConfigurations = (
				061AB5EC1CB2253600EDCB4C /* Debug */,
				061AB5ED1CB2253600EDCB4C /* Release */,
			);
			defaultConfigurationIsVisible = 0;
			defaultConfigurationName = Release;
		};
		061AB5EE1CB2253600EDCB4C /* Build configuration list for PBXNativeTarget "SQLPlugin" */ = {
			isa = XCConfigurationList;
			buildConfigurations = (
				061AB5EF1CB2253600EDCB4C /* Debug */,
				061AB5F01CB2253600EDCB4C /* Release */,
			);
			defaultConfigurationIsVisible = 0;
			defaultConfigurationName = Release;
		};
		0645749F1CC5258F00883DEF /* Build configuration list for PBXNativeTarget "SQLPluginTests" */ = {
			isa = XCConfigurationList;
			buildConfigurations = (
				0645749D1CC5258F00883DEF /* Debug */,
				0645749E1CC5258F00883DEF /* Release */,
			);
			defaultConfigurationIsVisible = 0;
			defaultConfigurationName = Release;
		};
/* End XCConfigurationList section */
	};
	rootObject = 061AB5D21CB2253600EDCB4C /* Project object */;
}
